
Microsoft Visual Studio Solution File, Format Version 12.00
# Visual Studio Version 16
VisualStudioVersion = 16.0.31410.357
MinimumVisualStudioVersion = 10.0.40219.1
Project("{9A19103F-16F7-4668-BE54-9A1E7A4F7556}") = "PizzeriaView", "PizzeriaView\PizzeriaView.csproj", "{F83B4AD0-B7EA-4F3A-9862-2A9009EC7C0C}"
EndProject
Project("{9A19103F-16F7-4668-BE54-9A1E7A4F7556}") = "PizzeriaContracts", "PizzeriaContracts\PizzeriaContracts.csproj", "{2DB22764-ED2E-468F-9185-FD3A7B601FAC}"
EndProject
Project("{9A19103F-16F7-4668-BE54-9A1E7A4F7556}") = "PizzeriaBusinessLogic", "PizzeriaBusinessLogic\PizzeriaBusinessLogic.csproj", "{42C25CCB-B506-4F47-9D94-1970C30412D8}"
EndProject
Project("{9A19103F-16F7-4668-BE54-9A1E7A4F7556}") = "PizzeriaListImplement", "PizzeriaListImplement\PizzeriaListImplement.csproj", "{E835AD9B-448C-47AD-B87A-C4C818E5C7FD}"
EndProject
Project("{9A19103F-16F7-4668-BE54-9A1E7A4F7556}") = "PizzeriaFileImplement", "PizzeriaFileImplement\PizzeriaFileImplement.csproj", "{AE691FB7-B864-42C0-BF84-C5F29B4505B0}"
EndProject
Project("{FAE04EC0-301F-11D3-BF4B-00C04F79EFBC}") = "PizzeriaDatabaseImplement", "PizzeriaDatabaseImplement\PizzeriaDatabaseImplement.csproj", "{983C3DCC-9801-4585-BE1F-89652948FEE7}"
EndProject
Global
	GlobalSection(SolutionConfigurationPlatforms) = preSolution
		Debug|Any CPU = Debug|Any CPU
		Release|Any CPU = Release|Any CPU
	EndGlobalSection
	GlobalSection(ProjectConfigurationPlatforms) = postSolution
		{F83B4AD0-B7EA-4F3A-9862-2A9009EC7C0C}.Debug|Any CPU.ActiveCfg = Debug|Any CPU
		{F83B4AD0-B7EA-4F3A-9862-2A9009EC7C0C}.Debug|Any CPU.Build.0 = Debug|Any CPU
		{F83B4AD0-B7EA-4F3A-9862-2A9009EC7C0C}.Release|Any CPU.ActiveCfg = Release|Any CPU
		{F83B4AD0-B7EA-4F3A-9862-2A9009EC7C0C}.Release|Any CPU.Build.0 = Release|Any CPU
		{2DB22764-ED2E-468F-9185-FD3A7B601FAC}.Debug|Any CPU.ActiveCfg = Debug|Any CPU
		{2DB22764-ED2E-468F-9185-FD3A7B601FAC}.Debug|Any CPU.Build.0 = Debug|Any CPU
		{2DB22764-ED2E-468F-9185-FD3A7B601FAC}.Release|Any CPU.ActiveCfg = Release|Any CPU
		{2DB22764-ED2E-468F-9185-FD3A7B601FAC}.Release|Any CPU.Build.0 = Release|Any CPU
		{42C25CCB-B506-4F47-9D94-1970C30412D8}.Debug|Any CPU.ActiveCfg = Debug|Any CPU
		{42C25CCB-B506-4F47-9D94-1970C30412D8}.Debug|Any CPU.Build.0 = Debug|Any CPU
		{42C25CCB-B506-4F47-9D94-1970C30412D8}.Release|Any CPU.ActiveCfg = Release|Any CPU
		{42C25CCB-B506-4F47-9D94-1970C30412D8}.Release|Any CPU.Build.0 = Release|Any CPU
		{E835AD9B-448C-47AD-B87A-C4C818E5C7FD}.Debug|Any CPU.ActiveCfg = Debug|Any CPU
		{E835AD9B-448C-47AD-B87A-C4C818E5C7FD}.Debug|Any CPU.Build.0 = Debug|Any CPU
		{E835AD9B-448C-47AD-B87A-C4C818E5C7FD}.Release|Any CPU.ActiveCfg = Release|Any CPU
		{E835AD9B-448C-47AD-B87A-C4C818E5C7FD}.Release|Any CPU.Build.0 = Release|Any CPU
		{AE691FB7-B864-42C0-BF84-C5F29B4505B0}.Debug|Any CPU.ActiveCfg = Debug|Any CPU
		{AE691FB7-B864-42C0-BF84-C5F29B4505B0}.Debug|Any CPU.Build.0 = Debug|Any CPU
		{AE691FB7-B864-42C0-BF84-C5F29B4505B0}.Release|Any CPU.ActiveCfg = Release|Any CPU
		{AE691FB7-B864-42C0-BF84-C5F29B4505B0}.Release|Any CPU.Build.0 = Release|Any CPU
		{983C3DCC-9801-4585-BE1F-89652948FEE7}.Debug|Any CPU.ActiveCfg = Debug|Any CPU
		{983C3DCC-9801-4585-BE1F-89652948FEE7}.Debug|Any CPU.Build.0 = Debug|Any CPU
		{983C3DCC-9801-4585-BE1F-89652948FEE7}.Release|Any CPU.ActiveCfg = Release|Any CPU
		{983C3DCC-9801-4585-BE1F-89652948FEE7}.Release|Any CPU.Build.0 = Release|Any CPU
	EndGlobalSection
	GlobalSection(SolutionProperties) = preSolution
		HideSolutionNode = FALSE
	EndGlobalSection
	GlobalSection(ExtensibilityGlobals) = postSolution
		SolutionGuid = {E102E62F-F4CF-44BE-9E16-FDEBB29BBBEB}
	EndGlobalSection
EndGlobal
